
Microsoft Visual Studio Solution File, Format Version 12.00
# Visual Studio 15
VisualStudioVersion = 15.0.27703.2042
MinimumVisualStudioVersion = 10.0.40219.1
Project("{8BC9CEB8-8B4A-11D0-8D11-00A0C91BC942}") = "assignment1", "assignment1\assignment1.vcxproj", "{CD25098B-A03C-4E44-B580-C24AF09AA11D}"
EndProject
Global
	GlobalSection(SolutionConfigurationPlatforms) = preSolution
		Debug|x64 = Debug|x64
		Debug|x86 = Debug|x86
		Release|x64 = Release|x64
		Release|x86 = Release|x86
	EndGlobalSection
	GlobalSection(ProjectConfigurationPlatforms) = postSolution
		{CD25098B-A03C-4E44-B580-C24AF09AA11D}.Debug|x64.ActiveCfg = Debug|x64
		{CD25098B-A03C-4E44-B580-C24AF09AA11D}.Debug|x64.Build.0 = Debug|x64
		{CD25098B-A03C-4E44-B580-C24AF09AA11D}.Debug|x86.ActiveCfg = Debug|Win32
		{CD25098B-A03C-4E44-B580-C24AF09AA11D}.Debug|x86.Build.0 = Debug|Win32
		{CD25098B-A03C-4E44-B580-C24AF09AA11D}.Release|x64.ActiveCfg = Release|x64
		{CD25098B-A03C-4E44-B580-C24AF09AA11D}.Release|x64.Build.0 = Release|x64
		{CD25098B-A03C-4E44-B580-C24AF09AA11D}.Release|x86.ActiveCfg = Release|Win32
		{CD25098B-A03C-4E44-B580-C24AF09AA11D}.Release|x86.Build.0 = Release|Win32
	EndGlobalSection
	GlobalSection(SolutionProperties) = preSolution
		HideSolutionNode = FALSE
	EndGlobalSection
	GlobalSection(ExtensibilityGlobals) = postSolution
		SolutionGuid = {23085367-D48C-4843-8943-03359982B10E}
	EndGlobalSection
EndGlobal
