
Microsoft Visual Studio Solution File, Format Version 12.00
# Visual Studio 15
VisualStudioVersion = 15.0.27703.2042
MinimumVisualStudioVersion = 10.0.40219.1
Project("{8BC9CEB8-8B4A-11D0-8D11-00A0C91BC942}") = "assignment4", "assignment4\assignment4.vcxproj", "{A69846C4-931E-4968-B7CB-AB65B413B0AB}"
EndProject
Global
	GlobalSection(SolutionConfigurationPlatforms) = preSolution
		Debug|x64 = Debug|x64
		Debug|x86 = Debug|x86
		Release|x64 = Release|x64
		Release|x86 = Release|x86
	EndGlobalSection
	GlobalSection(ProjectConfigurationPlatforms) = postSolution
		{A69846C4-931E-4968-B7CB-AB65B413B0AB}.Debug|x64.ActiveCfg = Debug|x64
		{A69846C4-931E-4968-B7CB-AB65B413B0AB}.Debug|x64.Build.0 = Debug|x64
		{A69846C4-931E-4968-B7CB-AB65B413B0AB}.Debug|x86.ActiveCfg = Debug|Win32
		{A69846C4-931E-4968-B7CB-AB65B413B0AB}.Debug|x86.Build.0 = Debug|Win32
		{A69846C4-931E-4968-B7CB-AB65B413B0AB}.Release|x64.ActiveCfg = Release|x64
		{A69846C4-931E-4968-B7CB-AB65B413B0AB}.Release|x64.Build.0 = Release|x64
		{A69846C4-931E-4968-B7CB-AB65B413B0AB}.Release|x86.ActiveCfg = Release|Win32
		{A69846C4-931E-4968-B7CB-AB65B413B0AB}.Release|x86.Build.0 = Release|Win32
	EndGlobalSection
	GlobalSection(SolutionProperties) = preSolution
		HideSolutionNode = FALSE
	EndGlobalSection
	GlobalSection(ExtensibilityGlobals) = postSolution
		SolutionGuid = {385A338A-3292-4211-BFA4-440A80C257A4}
	EndGlobalSection
EndGlobal
